
Microsoft Visual Studio Solution File, Format Version 12.00
# Visual Studio Version 16
VisualStudioVersion = 16.0.30621.155
MinimumVisualStudioVersion = 10.0.40219.1
Project("{FAE04EC0-301F-11D3-BF4B-00C04F79EFBC}") = "CompanyPofile", "CompanyPofile\CompanyPofile.csproj", "{1EA88E48-551B-4493-BEB2-7769DD187F7F}"
EndProject
Global
	GlobalSection(SolutionConfigurationPlatforms) = preSolution
		Debug|Any CPU = Debug|Any CPU
		Release|Any CPU = Release|Any CPU
	EndGlobalSection
	GlobalSection(ProjectConfigurationPlatforms) = postSolution
		{1EA88E48-551B-4493-BEB2-7769DD187F7F}.Debug|Any CPU.ActiveCfg = Debug|Any CPU
		{1EA88E48-551B-4493-BEB2-7769DD187F7F}.Debug|Any CPU.Build.0 = Debug|Any CPU
		{1EA88E48-551B-4493-BEB2-7769DD187F7F}.Release|Any CPU.ActiveCfg = Release|Any CPU
		{1EA88E48-551B-4493-BEB2-7769DD187F7F}.Release|Any CPU.Build.0 = Release|Any CPU
	EndGlobalSection
	GlobalSection(SolutionProperties) = preSolution
		HideSolutionNode = FALSE
	EndGlobalSection
	GlobalSection(ExtensibilityGlobals) = postSolution
		SolutionGuid = {79D0FA8C-57EB-4256-9E96-808B70E4A397}
	EndGlobalSection
EndGlobal
